{
  "name": "immutable-app-image",
  "version": "0.0.39",
  "lockfileVersion": 1,
  "dependencies": {
    "append-field": {
      "version": "0.1.0",
      "resolved": "https://registry.npmjs.org/append-field/-/append-field-0.1.0.tgz",
      "integrity": "sha1-bdxY+gg8e8VF08WZWygwzCNm1Eo="
    },
    "balanced-match": {
      "version": "0.4.2",
      "resolved": "https://registry.npmjs.org/balanced-match/-/balanced-match-0.4.2.tgz",
      "integrity": "sha1-yz8+PHMtwPAe5wtAPzAuYddwmDg=",
      "dev": true
    },
    "brace-expansion": {
      "version": "1.1.7",
      "resolved": "https://registry.npmjs.org/brace-expansion/-/brace-expansion-1.1.7.tgz",
      "integrity": "sha1-Pv/DxQ4ABTH7cg6v+A8K6O8jz1k=",
      "dev": true
    },
    "browser-stdout": {
      "version": "1.3.0",
      "resolved": "https://registry.npmjs.org/browser-stdout/-/browser-stdout-1.3.0.tgz",
      "integrity": "sha1-81HTKWnTL6XXpVZxVCY9korjvR8=",
      "dev": true
    },
    "busboy": {
      "version": "0.2.14",
      "resolved": "https://registry.npmjs.org/busboy/-/busboy-0.2.14.tgz",
      "integrity": "sha1-bCpiLvz0fFe7vh4qnDetNseSVFM=",
      "dependencies": {
        "isarray": {
          "version": "0.0.1",
          "resolved": "https://registry.npmjs.org/isarray/-/isarray-0.0.1.tgz",
          "integrity": "sha1-ihis/Kmo9Bd+Cav8YDiTmwXR7t8="
        },
        "readable-stream": {
          "version": "1.1.14",
          "resolved": "https://registry.npmjs.org/readable-stream/-/readable-stream-1.1.14.tgz",
          "integrity": "sha1-fPTFTvZI44EwhMY23SB54WbAgdk="
        },
        "string_decoder": {
          "version": "0.10.31",
          "resolved": "https://registry.npmjs.org/string_decoder/-/string_decoder-0.10.31.tgz",
          "integrity": "sha1-YuIDvEF2bGwoyfyEMB2rHFMQ+pQ="
        }
      }
    },
    "camel-case": {
      "version": "3.0.0",
      "resolved": "https://registry.npmjs.org/camel-case/-/camel-case-3.0.0.tgz",
      "integrity": "sha1-yjw2iKTpzzpM2nd9xNy8cTJJz3M="
    },
    "caw": {
      "version": "2.0.0",
      "resolved": "https://registry.npmjs.org/caw/-/caw-2.0.0.tgz",
      "integrity": "sha1-Efi93C+AFGmVLV4yJbqYSVovoP8=",
      "dependencies": {
        "tunnel-agent": {
          "version": "0.4.3",
          "resolved": "https://registry.npmjs.org/tunnel-agent/-/tunnel-agent-0.4.3.tgz",
          "integrity": "sha1-Y3PbdpCf5XDgjXNYM2Xtgop07us="
        }
      }
    },
    "chai": {
      "version": "4.0.0",
      "resolved": "https://registry.npmjs.org/chai/-/chai-4.0.0.tgz",
      "integrity": "sha1-9smJ5FpXB9QMVNl93XyomzCmoGo=",
      "dev": true
    },
    "chai-as-promised": {
      "version": "6.0.0",
      "resolved": "https://registry.npmjs.org/chai-as-promised/-/chai-as-promised-6.0.0.tgz",
      "integrity": "sha1-GgKkM6byTa+sY7nJb6FoTbGqjaY=",
      "dev": true
    },
    "change-case": {
      "version": "3.0.1",
      "resolved": "https://registry.npmjs.org/change-case/-/change-case-3.0.1.tgz",
      "integrity": "sha1-7l9a0EFa0a2egHLPSc1M+nZgpVQ="
    },
    "check-error": {
      "version": "1.0.2",
      "resolved": "https://registry.npmjs.org/check-error/-/check-error-1.0.2.tgz",
      "integrity": "sha1-V00xLt2Iu13YkS6Sht1sCu1KrII=",
      "dev": true
    },
    "color": {
      "version": "1.0.3",
      "resolved": "https://registry.npmjs.org/color/-/color-1.0.3.tgz",
      "integrity": "sha1-5I6DLYXxTvaU+0aIEcLVz+cptV0="
    },
    "color-convert": {
      "version": "1.9.0",
      "resolved": "https://registry.npmjs.org/color-convert/-/color-convert-1.9.0.tgz",
      "integrity": "sha1-Gsz5fdc5uYO/mU1W/sj5WFNkG3o="
    },
    "color-name": {
      "version": "1.1.2",
      "resolved": "https://registry.npmjs.org/color-name/-/color-name-1.1.2.tgz",
      "integrity": "sha1-XIq3K2S9IhXWF66VWeuxSEdc+Y0="
    },
    "color-string": {
      "version": "1.5.2",
      "resolved": "https://registry.npmjs.org/color-string/-/color-string-1.5.2.tgz",
      "integrity": "sha1-JuRYFLw8mny9Z1FkikFDRRSnc6k="
    },
    "commander": {
      "version": "2.9.0",
      "resolved": "https://registry.npmjs.org/commander/-/commander-2.9.0.tgz",
      "integrity": "sha1-nJkJQXbhIkDLItbFFGCYQA/g99Q="
    },
    "concat-map": {
      "version": "0.0.1",
      "resolved": "https://registry.npmjs.org/concat-map/-/concat-map-0.0.1.tgz",
      "integrity": "sha1-2Klr13/Wjfd5OnMDajug1UBdR3s=",
      "dev": true
    },
    "concat-stream": {
      "version": "1.6.0",
      "resolved": "https://registry.npmjs.org/concat-stream/-/concat-stream-1.6.0.tgz",
      "integrity": "sha1-CqxmL9Ur54lk1VMvaUeE5wEQrPc="
    },
    "constant-case": {
      "version": "2.0.0",
      "resolved": "https://registry.npmjs.org/constant-case/-/constant-case-2.0.0.tgz",
      "integrity": "sha1-QXV2TTidP6nI7NKRhu1gBSQ7akY="
    },
    "core-util-is": {
      "version": "1.0.2",
      "resolved": "https://registry.npmjs.org/core-util-is/-/core-util-is-1.0.2.tgz",
      "integrity": "sha1-tf1UIgqivFq1eqtxQMlAdUUDwac="
    },
    "d": {
      "version": "1.0.0",
      "resolved": "https://registry.npmjs.org/d/-/d-1.0.0.tgz",
      "integrity": "sha1-dUu1v+VUUdpppYuU1F9MWwRi1Y8="
    },
    "decompress-response": {
      "version": "3.2.0",
      "resolved": "https://registry.npmjs.org/decompress-response/-/decompress-response-3.2.0.tgz",
      "integrity": "sha1-1EO4xlzXQ0rHrhVXnMvdQCphwlI="
    },
    "dicer": {
      "version": "0.2.5",
      "resolved": "https://registry.npmjs.org/dicer/-/dicer-0.2.5.tgz",
      "integrity": "sha1-WZbAhrszIYyBLAkL3cCc0S+stw8=",
      "dependencies": {
        "isarray": {
          "version": "0.0.1",
          "resolved": "https://registry.npmjs.org/isarray/-/isarray-0.0.1.tgz",
          "integrity": "sha1-ihis/Kmo9Bd+Cav8YDiTmwXR7t8="
        },
        "readable-stream": {
          "version": "1.1.14",
          "resolved": "https://registry.npmjs.org/readable-stream/-/readable-stream-1.1.14.tgz",
          "integrity": "sha1-fPTFTvZI44EwhMY23SB54WbAgdk="
        },
        "string_decoder": {
          "version": "0.10.31",
          "resolved": "https://registry.npmjs.org/string_decoder/-/string_decoder-0.10.31.tgz",
          "integrity": "sha1-YuIDvEF2bGwoyfyEMB2rHFMQ+pQ="
        }
      }
    },
    "diff": {
      "version": "3.2.0",
      "resolved": "https://registry.npmjs.org/diff/-/diff-3.2.0.tgz",
      "integrity": "sha1-yc45Okt8vQsFinJck98pkCeGj/k=",
      "dev": true
    },
    "dot-case": {
      "version": "2.1.1",
      "resolved": "https://registry.npmjs.org/dot-case/-/dot-case-2.1.1.tgz",
      "integrity": "sha1-NNzzf1Co6TwrO8qLt/uRVcfaO+4="
    },
    "duplexer3": {
      "version": "0.1.4",
      "resolved": "https://registry.npmjs.org/duplexer3/-/duplexer3-0.1.4.tgz",
      "integrity": "sha1-7gHdHKwO08vH/b6jfcCo8c4ALOI="
    },
    "ee-first": {
      "version": "1.1.1",
      "resolved": "https://registry.npmjs.org/ee-first/-/ee-first-1.1.1.tgz",
      "integrity": "sha1-WQxhFWsK4vTwJVcyoViyZrxWsh0="
    },
    "es5-ext": {
      "version": "0.10.22",
      "resolved": "https://registry.npmjs.org/es5-ext/-/es5-ext-0.10.22.tgz",
      "integrity": "sha512-YXTXSlZkJsVwMEVljp1Bh5P9+Raa3524OMl9kywGMp1aazKTCnAqORRL/8dkuqNHk+LRYe0LezuS8PlUt3+mOw=="
    },
    "es6-iterator": {
      "version": "2.0.1",
      "resolved": "https://registry.npmjs.org/es6-iterator/-/es6-iterator-2.0.1.tgz",
      "integrity": "sha1-jjGcnwRTv1ddN0lAplWSDlnKVRI="
    },
    "es6-symbol": {
      "version": "3.1.1",
      "resolved": "https://registry.npmjs.org/es6-symbol/-/es6-symbol-3.1.1.tgz",
      "integrity": "sha1-vwDvT9q2uhtG7Le2KbTH7VcVzHc="
    },
    "es6-template-strings": {
      "version": "2.0.1",
      "resolved": "https://registry.npmjs.org/es6-template-strings/-/es6-template-strings-2.0.1.tgz",
      "integrity": "sha1-sWbGpiVi9Hi7d3X2ypYQOlmbSyw="
    },
    "escape-string-regexp": {
      "version": "1.0.5",
      "resolved": "https://registry.npmjs.org/escape-string-regexp/-/escape-string-regexp-1.0.5.tgz",
      "integrity": "sha1-G2HAViGQqN/2rjuyzwIAyhMLhtQ=",
      "dev": true
    },
    "esniff": {
      "version": "1.1.0",
      "resolved": "https://registry.npmjs.org/esniff/-/esniff-1.1.0.tgz",
      "integrity": "sha1-xmhJIp+RRk3t4uDUAgHtar9l8qw="
    },
    "formatio": {
      "version": "1.2.0",
      "resolved": "https://registry.npmjs.org/formatio/-/formatio-1.2.0.tgz",
      "integrity": "sha1-87IWfZBoxGmKjVH092CjmlTYGOs=",
      "dev": true
    },
    "fs.realpath": {
      "version": "1.0.0",
      "resolved": "https://registry.npmjs.org/fs.realpath/-/fs.realpath-1.0.0.tgz",
      "integrity": "sha1-FQStJSMVjKpA20onh8sBQRmU6k8=",
      "dev": true
    },
    "gcsfs": {
      "version": "0.1.3",
      "resolved": "https://registry.npmjs.org/gcsfs/-/gcsfs-0.1.3.tgz",
      "integrity": "sha1-UBgw55UXdN50LcIG9jQCaa2DHV4=",
      "dev": true
    },
    "get-proxy": {
      "version": "1.1.0",
      "resolved": "https://registry.npmjs.org/get-proxy/-/get-proxy-1.1.0.tgz",
      "integrity": "sha1-iUhUSRvFkbDxR9euVw9cZ4tyVus="
    },
    "get-stream": {
      "version": "3.0.0",
      "resolved": "https://registry.npmjs.org/get-stream/-/get-stream-3.0.0.tgz",
      "integrity": "sha1-jpQ9E1jcN1VQVOy+LtsFqhdO3hQ="
    },
    "got": {
      "version": "7.0.0",
      "resolved": "https://registry.npmjs.org/got/-/got-7.0.0.tgz",
      "integrity": "sha1-gtQ59nY82xyIIbejquJ4TIjDuNM="
    },
    "graceful-readlink": {
      "version": "1.0.1",
      "resolved": "https://registry.npmjs.org/graceful-readlink/-/graceful-readlink-1.0.1.tgz",
      "integrity": "sha1-TK+tdrxi8C+gObL5Tpo906ORpyU="
    },
    "growl": {
      "version": "1.9.2",
      "resolved": "https://registry.npmjs.org/growl/-/growl-1.9.2.tgz",
      "integrity": "sha1-Dqd0NxXbjY3ixe3hd14bRayFwC8=",
      "dev": true
    },
    "has-flag": {
      "version": "1.0.0",
      "resolved": "https://registry.npmjs.org/has-flag/-/has-flag-1.0.0.tgz",
      "integrity": "sha1-nZ55MWXOAXoA8AQYxD+UKnsdEfo=",
      "dev": true
    },
    "header-case": {
      "version": "1.0.1",
      "resolved": "https://registry.npmjs.org/header-case/-/header-case-1.0.1.tgz",
      "integrity": "sha1-lTWXMZfBRLCWE81l0xfvGZY70C0="
    },
    "if-defined": {
      "version": "1.0.4",
      "resolved": "https://registry.npmjs.org/if-defined/-/if-defined-1.0.4.tgz",
      "integrity": "sha1-R4uZ0eylowgD9wegnN5RSR58N8U="
    },
    "immutable-access-control": {
      "version": "0.3.4",
      "resolved": "https://registry.npmjs.org/immutable-access-control/-/immutable-access-control-0.3.4.tgz",
      "integrity": "sha1-ELPg4Eo1HZifcrqElJuJS7+IXnk="
    },
    "immutable-ai": {
      "version": "0.4.5",
      "resolved": "https://registry.npmjs.org/immutable-ai/-/immutable-ai-0.4.5.tgz",
      "integrity": "sha1-cc6l0PbdjHozy68mzaNEkG0rTE8="
    },
    "immutable-app": {
      "version": "0.7.0",
      "resolved": "https://registry.npmjs.org/immutable-app/-/immutable-app-0.7.0.tgz",
      "integrity": "sha1-9hz7MlZ/jy/19SX3m99m6OaakTc=",
      "dependencies": {
        "immutable-core": {
          "version": "1.4.0",
          "resolved": "https://registry.npmjs.org/immutable-core/-/immutable-core-1.4.0.tgz",
          "integrity": "sha1-UH3MfDIseDcJF63CvuzDWrkJfRo="
        },
        "immutable-core-model": {
          "version": "2.0.1",
          "resolved": "https://registry.npmjs.org/immutable-core-model/-/immutable-core-model-2.0.1.tgz",
          "integrity": "sha1-QwJxFPRhTQP4M89TnQ3/5C5TZZQ="
        },
        "source-map": {
          "version": "0.5.6",
          "resolved": "https://registry.npmjs.org/source-map/-/source-map-0.5.6.tgz",
          "integrity": "sha1-dc449SvwczxafwwRjYEzSiu19BI="
        },
        "uglify-js": {
          "version": "3.0.13",
          "resolved": "https://registry.npmjs.org/uglify-js/-/uglify-js-3.0.13.tgz",
          "integrity": "sha1-GHHXNqoeVQxyjX5aZVZXnnCSXWg="
        }
      }
    },
    "immutable-app-auth": {
      "version": "0.4.31",
      "resolved": "https://registry.npmjs.org/immutable-app-auth/-/immutable-app-auth-0.4.31.tgz",
      "integrity": "sha1-loy9w6ZMRzECaZPtwBv2jjILEd8=",
      "dev": true
    },
    "immutable-app-http-error": {
      "version": "0.1.5",
      "resolved": "https://registry.npmjs.org/immutable-app-http-error/-/immutable-app-http-error-0.1.5.tgz",
      "integrity": "sha1-Qg/gtZWF1jcYyK956zul7cX31ns="
    },
    "immutable-app-http-redirect": {
      "version": "0.1.4",
      "resolved": "https://registry.npmjs.org/immutable-app-http-redirect/-/immutable-app-http-redirect-0.1.4.tgz",
      "integrity": "sha1-Iu/msWgQZR0GRJBE3kpJJFTn4P0="
    },
    "immutable-core": {
      "version": "1.4.1",
      "resolved": "https://registry.npmjs.org/immutable-core/-/immutable-core-1.4.1.tgz",
      "integrity": "sha1-DKU+HxNlAWwPu2zgT5Kw6hjCNug=",
      "dependencies": {
        "source-map": {
          "version": "0.5.6",
          "resolved": "https://registry.npmjs.org/source-map/-/source-map-0.5.6.tgz",
          "integrity": "sha1-dc449SvwczxafwwRjYEzSiu19BI="
        },
        "uglify-js": {
          "version": "3.0.14",
          "resolved": "https://registry.npmjs.org/uglify-js/-/uglify-js-3.0.14.tgz",
          "integrity": "sha1-JpevEm/SFarFVvrLHt+xeHUgR2A="
        }
      }
    },
    "immutable-core-controller": {
      "version": "0.4.46",
      "resolved": "https://registry.npmjs.org/immutable-core-controller/-/immutable-core-controller-0.4.46.tgz",
      "integrity": "sha1-NVmm8P7W5m1Ij6Ai5JOTodlFVgE=",
      "dependencies": {
        "immutable-core": {
          "version": "1.4.0",
          "resolved": "https://registry.npmjs.org/immutable-core/-/immutable-core-1.4.0.tgz",
          "integrity": "sha1-UH3MfDIseDcJF63CvuzDWrkJfRo="
        },
        "immutable-core-model": {
          "version": "2.0.0",
          "resolved": "https://registry.npmjs.org/immutable-core-model/-/immutable-core-model-2.0.0.tgz",
          "integrity": "sha1-ogX+eB5pjuyQ/J8ca0lkB0jQW+U="
        },
        "immutable-core-model-form": {
          "version": "0.6.27",
          "resolved": "https://registry.npmjs.org/immutable-core-model-form/-/immutable-core-model-form-0.6.27.tgz",
          "integrity": "sha1-NFFLL6JjMwylT5sRy4JLFX03OpA="
        },
        "source-map": {
          "version": "0.5.6",
          "resolved": "https://registry.npmjs.org/source-map/-/source-map-0.5.6.tgz",
          "integrity": "sha1-dc449SvwczxafwwRjYEzSiu19BI="
        },
        "uglify-js": {
          "version": "3.0.13",
          "resolved": "https://registry.npmjs.org/uglify-js/-/uglify-js-3.0.13.tgz",
          "integrity": "sha1-GHHXNqoeVQxyjX5aZVZXnnCSXWg="
        }
      }
    },
    "immutable-core-model": {
      "version": "2.0.3",
      "resolved": "https://registry.npmjs.org/immutable-core-model/-/immutable-core-model-2.0.3.tgz",
      "integrity": "sha1-NL0xaBTq9IGfON0tIgAsONfJhZo=",
      "dependencies": {
        "immutable-core-model-view": {
          "version": "0.3.13",
          "resolved": "https://registry.npmjs.org/immutable-core-model-view/-/immutable-core-model-view-0.3.13.tgz",
          "integrity": "sha1-QwRDJuiyJa6Lt9pRmYX3ViF5mXU="
        }
      }
    },
    "immutable-core-model-form": {
      "version": "0.6.31",
      "resolved": "https://registry.npmjs.org/immutable-core-model-form/-/immutable-core-model-form-0.6.31.tgz",
      "integrity": "sha1-xfQU0UJ0lWeRz5M6XZgxHVMmElo="
    },
    "immutable-core-model-view": {
      "version": "0.3.16",
      "resolved": "https://registry.npmjs.org/immutable-core-model-view/-/immutable-core-model-view-0.3.16.tgz",
      "integrity": "sha512-Tqc3a3q/yniM4fiGH8zaitpNZNzHSN2oMvsILadv9Z7XmZ7R+c2Fg0JQOlEPu4mUkDcXnHKbsFCm30kOgh5etQ==",
      "dependencies": {
        "immutable-ai": {
          "version": "0.4.6",
          "resolved": "https://registry.npmjs.org/immutable-ai/-/immutable-ai-0.4.6.tgz",
          "integrity": "sha512-0AlBoqknPL6WERj2wAvqj46MnEGebC1Ra7Abum1wda37qZt/oYeNDH5YJc+4u3uFjPlD0E3ayIGbR7wUCRFZaw=="
        },
        "immutable-core": {
          "version": "1.4.3",
          "resolved": "https://registry.npmjs.org/immutable-core/-/immutable-core-1.4.3.tgz",
          "integrity": "sha512-5bYyT/Uywpuz2oEsXhk1KRgdIYOC5bxBFDnX7UifwMgEh3G6XpjEqcpOjK/ZJ/ft2pzKKDfxTC8p38cPJI4JbA=="
        },
        "immutable-require-valid-log-client": {
          "version": "0.1.6",
          "resolved": "https://registry.npmjs.org/immutable-require-valid-log-client/-/immutable-require-valid-log-client-0.1.6.tgz",
          "integrity": "sha512-elHC/XuujHG1nCH+uOr5BMDeLMf8Q5C9n0eD7XKnK6b3RG5yrPtQcyZW7NlZzRTNs9zXpbkDuZirf1JKbJsifA=="
        },
        "immutable-require-valid-optional-object": {
          "version": "0.1.6",
          "resolved": "https://registry.npmjs.org/immutable-require-valid-optional-object/-/immutable-require-valid-optional-object-0.1.6.tgz",
          "integrity": "sha512-ZsSwcRC9xvtt+kGBOdUumaOe0Lfo0BMvtt5vVWASG0aMxbQtHJkaccPtCXcrR/up1a7SADHsFeT/Tbps3/XT0g=="
        },
        "merge-args": {
          "version": "0.2.6",
          "resolved": "https://registry.npmjs.org/merge-args/-/merge-args-0.2.6.tgz",
          "integrity": "sha512-TE/rI4nTnewG1elC2ZJgXs1zhdxtX1vSTLFyfA9si1IEO9qmGMcp+UEjuNcKsQC1UD5MOaziHl5yRXVV4KJ8Dg=="
        },
        "micro-timestamp": {
          "version": "0.1.18",
          "resolved": "https://registry.npmjs.org/micro-timestamp/-/micro-timestamp-0.1.18.tgz",
          "integrity": "sha512-2Je1Umh2tWa3vHdwTBOIYJGJ/X6LtZXgZMrQFfovm7df1EqapC0dZgscVvrEnH4rT2wQZ7QWsJmZzv/pfclLVA=="
        },
        "microtime": {
          "version": "2.1.4",
          "resolved": "https://registry.npmjs.org/microtime/-/microtime-2.1.4.tgz",
          "integrity": "sha1-5Q3lQLfRt1ZUSoCNuHVE7ciKTQQ="
        },
        "mockumentary": {
          "version": "0.3.7",
          "resolved": "https://registry.npmjs.org/mockumentary/-/mockumentary-0.3.7.tgz",
          "integrity": "sha512-nZ8jG7NK6iK1HtHhsr5kHvo6kIL8eR820QKLj9f2MFbiwHRq2zcr37i1snp9PnmjY9VsCQ0kzo1qGjin00J+9w=="
        },
        "random-unique-id": {
          "version": "1.0.2",
          "resolved": "https://registry.npmjs.org/random-unique-id/-/random-unique-id-1.0.2.tgz",
          "integrity": "sha512-tw90hGKofROvfA/k9246ZVsJZs9cnUAFR1AhEX4u0wDeHfxx41PnJVUxtK69eCPdlusyyKZd8Sc+rvT/QuPEvA=="
        },
        "source-map": {
          "version": "0.5.6",
          "resolved": "https://registry.npmjs.org/source-map/-/source-map-0.5.6.tgz",
          "integrity": "sha1-dc449SvwczxafwwRjYEzSiu19BI="
        },
        "stable-id": {
          "version": "1.0.1",
          "resolved": "https://registry.npmjs.org/stable-id/-/stable-id-1.0.1.tgz",
          "integrity": "sha512-8wRnOQEqGafv4Emx3mZfJmpjPzgekDB+QuL7+pN/EWezeDjn2mQu3tL4+jqC+In+WGuWLYAc1RBUG/AycO1sTg=="
        },
        "uglify-js": {
          "version": "3.0.15",
          "resolved": "https://registry.npmjs.org/uglify-js/-/uglify-js-3.0.15.tgz",
          "integrity": "sha1-qssyOoRrI0YCJw3q2KMkQaiAb0I="
        }
      }
    },
    "immutable-database-mariasql": {
      "version": "1.3.0",
      "resolved": "https://registry.npmjs.org/immutable-database-mariasql/-/immutable-database-mariasql-1.3.0.tgz",
      "integrity": "sha1-6Ft2N0saOs5jpgSRj+xAjIXGXTE="
    },
    "immutable-instance-id": {
      "version": "0.2.0",
      "resolved": "https://registry.npmjs.org/immutable-instance-id/-/immutable-instance-id-0.2.0.tgz",
      "integrity": "sha1-McL6eKex18dPa4cEe/lh+QSlM38="
    },
    "immutable-model-view-key-by": {
      "version": "0.2.53",
      "resolved": "https://registry.npmjs.org/immutable-model-view-key-by/-/immutable-model-view-key-by-0.2.53.tgz",
      "integrity": "sha1-FMfAqDjTkkJLuCEkWG05sa9rl/0=",
      "dev": true,
      "dependencies": {
        "immutable-core-model-view": {
          "version": "0.3.13",
          "resolved": "https://registry.npmjs.org/immutable-core-model-view/-/immutable-core-model-view-0.3.13.tgz",
          "integrity": "sha1-QwRDJuiyJa6Lt9pRmYX3ViF5mXU=",
          "dev": true
        }
      }
    },
    "immutable-require-valid-log-client": {
      "version": "0.1.5",
      "resolved": "https://registry.npmjs.org/immutable-require-valid-log-client/-/immutable-require-valid-log-client-0.1.5.tgz",
      "integrity": "sha1-izvaTzDVDvkqfCiJooWXTtBZabM="
    },
    "immutable-require-valid-optional-object": {
      "version": "0.1.5",
      "resolved": "https://registry.npmjs.org/immutable-require-valid-optional-object/-/immutable-require-valid-optional-object-0.1.5.tgz",
      "integrity": "sha1-a6agl2m0RhrKhLlf0xvxDRfDzEQ="
    },
    "inflight": {
      "version": "1.0.6",
      "resolved": "https://registry.npmjs.org/inflight/-/inflight-1.0.6.tgz",
      "integrity": "sha1-Sb1jMdfQLQwJvJEKEHW6gWW1bfk=",
      "dev": true
    },
    "inherits": {
      "version": "2.0.3",
      "resolved": "https://registry.npmjs.org/inherits/-/inherits-2.0.3.tgz",
      "integrity": "sha1-Yzwsg+PaQqUC9SRmAiSA9CCCYd4="
    },
    "ini": {
      "version": "1.3.4",
      "resolved": "https://registry.npmjs.org/ini/-/ini-1.3.4.tgz",
      "integrity": "sha1-BTfLedr1m1mhpRff9wbIbsA5Fi4="
    },
    "is-arrayish": {
      "version": "0.3.1",
      "resolved": "https://registry.npmjs.org/is-arrayish/-/is-arrayish-0.3.1.tgz",
      "integrity": "sha1-wt/DhquqDD4zxI2z/ocFnmkGXv0="
    },
    "is-lower-case": {
      "version": "1.1.3",
      "resolved": "https://registry.npmjs.org/is-lower-case/-/is-lower-case-1.1.3.tgz",
      "integrity": "sha1-fhR75HaNxGbbO/shzGCzHmrWk5M="
    },
    "is-object": {
      "version": "1.0.1",
      "resolved": "https://registry.npmjs.org/is-object/-/is-object-1.0.1.tgz",
      "integrity": "sha1-iVJojF7C/9awPsyF52ngKQMINHA="
    },
    "is-plain-obj": {
      "version": "1.1.0",
      "resolved": "https://registry.npmjs.org/is-plain-obj/-/is-plain-obj-1.1.0.tgz",
      "integrity": "sha1-caUMhCnfync8kqOQpKA7OfzVHT4="
    },
    "is-retry-allowed": {
      "version": "1.1.0",
      "resolved": "https://registry.npmjs.org/is-retry-allowed/-/is-retry-allowed-1.1.0.tgz",
      "integrity": "sha1-EaBgVotnM5REAz0BJaYaINVk+zQ="
    },
    "is-stream": {
      "version": "1.1.0",
      "resolved": "https://registry.npmjs.org/is-stream/-/is-stream-1.1.0.tgz",
      "integrity": "sha1-EtSj3U5o4Lec6428hBc66A2RykQ="
    },
    "is-upper-case": {
      "version": "1.1.2",
      "resolved": "https://registry.npmjs.org/is-upper-case/-/is-upper-case-1.1.2.tgz",
      "integrity": "sha1-jQsfp+eTOh5YSDYA7H2WYcuvdW8="
    },
    "isurl": {
      "version": "1.0.0-alpha5",
      "resolved": "https://registry.npmjs.org/isurl/-/isurl-1.0.0-alpha5.tgz",
      "integrity": "sha1-d/oSL/8fMb4ntvFXZh+IWCuhzTY="
    },
    "json3": {
      "version": "3.3.2",
      "resolved": "https://registry.npmjs.org/json3/-/json3-3.3.2.tgz",
      "integrity": "sha1-PAQ0dD35Pi9cQq7nsZvLSDV19OE=",
      "dev": true
    },
    "lodash": {
      "version": "4.17.4",
      "resolved": "https://registry.npmjs.org/lodash/-/lodash-4.17.4.tgz",
      "integrity": "sha1-eCA6TRwyiuHYbcpkYONptX9AVa4="
    },
    "lodash._baseassign": {
      "version": "3.2.0",
      "resolved": "https://registry.npmjs.org/lodash._baseassign/-/lodash._baseassign-3.2.0.tgz",
      "integrity": "sha1-jDigmVAPIVrQnlnxci/QxSv+Ck4=",
      "dev": true
    },
    "lodash._basecopy": {
      "version": "3.0.1",
      "resolved": "https://registry.npmjs.org/lodash._basecopy/-/lodash._basecopy-3.0.1.tgz",
      "integrity": "sha1-jaDmqHbPNEwK2KVIghEd08XHyjY=",
      "dev": true
    },
    "lodash._basecreate": {
      "version": "3.0.3",
      "resolved": "https://registry.npmjs.org/lodash._basecreate/-/lodash._basecreate-3.0.3.tgz",
      "integrity": "sha1-G8ZhYU2qf8MRt9A78WgGoCE8+CE=",
      "dev": true
    },
    "lodash._getnative": {
      "version": "3.9.1",
      "resolved": "https://registry.npmjs.org/lodash._getnative/-/lodash._getnative-3.9.1.tgz",
      "integrity": "sha1-VwvH3t5G1hzc3mh9ZdPuy6o6r/U=",
      "dev": true
    },
    "lodash._isiterateecall": {
      "version": "3.0.9",
      "resolved": "https://registry.npmjs.org/lodash._isiterateecall/-/lodash._isiterateecall-3.0.9.tgz",
      "integrity": "sha1-UgOte6Ql+uhCRg5pbbnPPmqsBXw=",
      "dev": true
    },
    "lodash.create": {
      "version": "3.1.1",
      "resolved": "https://registry.npmjs.org/lodash.create/-/lodash.create-3.1.1.tgz",
      "integrity": "sha1-1/KEnw29p+BGgruM1yqwIkYd6+c=",
      "dev": true
    },
    "lodash.isarguments": {
      "version": "3.1.0",
      "resolved": "https://registry.npmjs.org/lodash.isarguments/-/lodash.isarguments-3.1.0.tgz",
      "integrity": "sha1-L1c9hcaiQon/AGY7SRwdM4/zRYo=",
      "dev": true
    },
    "lodash.isarray": {
      "version": "3.0.4",
      "resolved": "https://registry.npmjs.org/lodash.isarray/-/lodash.isarray-3.0.4.tgz",
      "integrity": "sha1-eeTriMNqgSKvhvhEqpvNhRtfu1U=",
      "dev": true
    },
    "lodash.keys": {
      "version": "3.1.2",
      "resolved": "https://registry.npmjs.org/lodash.keys/-/lodash.keys-3.1.2.tgz",
      "integrity": "sha1-TbwEcrFWvlCgsoaFXRvQsMZWCYo=",
      "dev": true
    },
    "lolex": {
      "version": "1.6.0",
      "resolved": "https://registry.npmjs.org/lolex/-/lolex-1.6.0.tgz",
      "integrity": "sha1-OpoCg0UqR9dDnnJzG54H1zhuSfY=",
      "dev": true
    },
    "lower-case": {
      "version": "1.1.4",
      "resolved": "https://registry.npmjs.org/lower-case/-/lower-case-1.1.4.tgz",
      "integrity": "sha1-miyr0bno4K6ZOkv31YdcOcQujqw="
    },
    "lower-case-first": {
      "version": "1.0.2",
      "resolved": "https://registry.npmjs.org/lower-case-first/-/lower-case-first-1.0.2.tgz",
      "integrity": "sha1-5dp8JvKacHO+AtUrrJmA5ZIq36E="
    },
    "lowercase-keys": {
      "version": "1.0.0",
      "resolved": "https://registry.npmjs.org/lowercase-keys/-/lowercase-keys-1.0.0.tgz",
      "integrity": "sha1-TjNms55/VFfjXxMkvfb4jQv8cwY="
    },
    "media-typer": {
      "version": "0.3.0",
      "resolved": "https://registry.npmjs.org/media-typer/-/media-typer-0.3.0.tgz",
      "integrity": "sha1-hxDXrwqmJvj/+hzgAWhUUmMlV0g="
    },
    "merge-args": {
      "version": "0.2.5",
      "resolved": "https://registry.npmjs.org/merge-args/-/merge-args-0.2.5.tgz",
      "integrity": "sha1-5QAw/uxDRhQAKVyr/QGV+jxUbI0="
    },
    "mime-db": {
      "version": "1.27.0",
      "resolved": "https://registry.npmjs.org/mime-db/-/mime-db-1.27.0.tgz",
      "integrity": "sha1-gg9XIpa70g7CXtVeW13oaeVDbrE="
    },
    "mime-types": {
      "version": "2.1.15",
      "resolved": "https://registry.npmjs.org/mime-types/-/mime-types-2.1.15.tgz",
      "integrity": "sha1-pOv1BkCUVpI3uM9wBGd20J/JKu0="
    },
    "minimatch": {
      "version": "3.0.4",
      "resolved": "https://registry.npmjs.org/minimatch/-/minimatch-3.0.4.tgz",
      "integrity": "sha512-yJHVQEhyqPLUTgt9B83PXu6W3rx4MvvHvSUvToogpwoGDOUQ+yDrR0HRot+yOCdCO7u4hX3pWft6kWBBcqh0UA==",
      "dev": true
    },
    "mkdirp": {
      "version": "0.5.1",
      "resolved": "https://registry.npmjs.org/mkdirp/-/mkdirp-0.5.1.tgz",
      "integrity": "sha1-MAV0OOrGz3+MR2fzhkjWaX11yQM=",
      "dependencies": {
        "minimist": {
          "version": "0.0.8",
          "resolved": "https://registry.npmjs.org/minimist/-/minimist-0.0.8.tgz",
          "integrity": "sha1-hX/Kv8M5fSYluCKCYuhqp6ARsF0="
        }
      }
    },
    "mocha": {
      "version": "3.4.2",
      "resolved": "https://registry.npmjs.org/mocha/-/mocha-3.4.2.tgz",
      "integrity": "sha1-0O9NMyEm2/GNDWQMmzgt1IvpdZQ=",
      "dev": true,
      "dependencies": {
        "debug": {
          "version": "2.6.0",
          "resolved": "https://registry.npmjs.org/debug/-/debug-2.6.0.tgz",
          "integrity": "sha1-vFlryr52F/Edn6FTYe3tVgi4SZs=",
          "dev": true
        },
        "glob": {
          "version": "7.1.1",
          "resolved": "https://registry.npmjs.org/glob/-/glob-7.1.1.tgz",
          "integrity": "sha1-gFIR3wT6rxxjo2ADBs31reULLsg=",
          "dev": true
        },
        "ms": {
          "version": "0.7.2",
          "resolved": "https://registry.npmjs.org/ms/-/ms-0.7.2.tgz",
          "integrity": "sha1-riXPJRKziFodldfwN4aNhDESR2U=",
          "dev": true
        },
        "supports-color": {
          "version": "3.1.2",
          "resolved": "https://registry.npmjs.org/supports-color/-/supports-color-3.1.2.tgz",
          "integrity": "sha1-cqJiiU2dQIuVbKBf83su2KbiotU=",
          "dev": true
        }
      }
    },
    "multer": {
      "version": "1.3.0",
      "resolved": "https://registry.npmjs.org/multer/-/multer-1.3.0.tgz",
      "integrity": "sha1-CSsmcPaEb6SRSWXvyM+Uwg/sbNI=",
      "dependencies": {
        "object-assign": {
          "version": "3.0.0",
          "resolved": "https://registry.npmjs.org/object-assign/-/object-assign-3.0.0.tgz",
          "integrity": "sha1-m+3VygiXlJvKR+f/QIBi1Un1h/I="
        }
      }
    },
    "nan": {
      "version": "2.6.2",
      "resolved": "https://registry.npmjs.org/nan/-/nan-2.6.2.tgz",
      "integrity": "sha1-5P805slf37WuzAjeZZb0NgWn20U="
    },
    "native-promise-only": {
      "version": "0.8.1",
      "resolved": "https://registry.npmjs.org/native-promise-only/-/native-promise-only-0.8.1.tgz",
      "integrity": "sha1-IKMYwwy0X3H+et+/eyHJnBRy7xE=",
      "dev": true
    },
    "no-case": {
      "version": "2.3.1",
      "resolved": "https://registry.npmjs.org/no-case/-/no-case-2.3.1.tgz",
      "integrity": "sha1-euuhxzpSGEJlVUt9wDuvcg34AIE="
    },
    "on-finished": {
      "version": "2.3.0",
      "resolved": "https://registry.npmjs.org/on-finished/-/on-finished-2.3.0.tgz",
      "integrity": "sha1-IPEzZIGwg811M3mSoWlxqi2QaUc="
    },
    "once": {
      "version": "1.4.0",
      "resolved": "https://registry.npmjs.org/once/-/once-1.4.0.tgz",
      "integrity": "sha1-WDsap3WWHUsROsF9nFC6753Xa9E=",
      "dev": true
    },
    "p-cancelable": {
      "version": "0.2.0",
      "resolved": "https://registry.npmjs.org/p-cancelable/-/p-cancelable-0.2.0.tgz",
      "integrity": "sha1-MVL08wvnYGtg6/6LuTs/32kIXkY="
    },
    "p-timeout": {
      "version": "1.1.1",
      "resolved": "https://registry.npmjs.org/p-timeout/-/p-timeout-1.1.1.tgz",
      "integrity": "sha1-0o6f35bjKIhvv/B4+IatFYxTv20="
    },
    "param-case": {
      "version": "2.1.1",
      "resolved": "https://registry.npmjs.org/param-case/-/param-case-2.1.1.tgz",
      "integrity": "sha1-35T9jPZTHs915r75oIWPvHK+Ikc="
    },
    "pascal-case": {
      "version": "2.0.1",
      "resolved": "https://registry.npmjs.org/pascal-case/-/pascal-case-2.0.1.tgz",
      "integrity": "sha1-LVeNNFX2YNpl7KGO+VtODekSdh4="
    },
    "path-case": {
      "version": "2.1.1",
      "resolved": "https://registry.npmjs.org/path-case/-/path-case-2.1.1.tgz",
      "integrity": "sha1-lLgDfDctP+KQbkZbtF4l0ibo7qU="
    },
    "path-is-absolute": {
      "version": "1.0.1",
      "resolved": "https://registry.npmjs.org/path-is-absolute/-/path-is-absolute-1.0.1.tgz",
      "integrity": "sha1-F0uSaHNVNP+8es5r9TpanhtcX18=",
      "dev": true
    },
    "prepend-http": {
      "version": "1.0.4",
      "resolved": "https://registry.npmjs.org/prepend-http/-/prepend-http-1.0.4.tgz",
      "integrity": "sha1-1PRWKwzjaW5BrFLQ4ALlemNdxtw="
    },
    "rc": {
      "version": "1.2.1",
      "resolved": "https://registry.npmjs.org/rc/-/rc-1.2.1.tgz",
      "integrity": "sha1-LgPo5C7kULjLPc5lvhv4l04d/ZU=",
      "dependencies": {
        "deep-extend": {
          "version": "0.4.2",
          "resolved": "https://registry.npmjs.org/deep-extend/-/deep-extend-0.4.2.tgz",
          "integrity": "sha1-SLaZwn4zS/ifEIkr5DL25MfTSn8="
        },
        "minimist": {
          "version": "1.2.0",
          "resolved": "https://registry.npmjs.org/minimist/-/minimist-1.2.0.tgz",
          "integrity": "sha1-o1AIsg9BOD7sH7kU9M1d95omQoQ="
        }
      }
    },
    "readable-stream": {
      "version": "2.2.9",
      "resolved": "https://registry.npmjs.org/readable-stream/-/readable-stream-2.2.9.tgz",
      "integrity": "sha1-z3jsb0ptHrQ9JkiMrJfwQudLf8g="
    },
    "safe-buffer": {
      "version": "5.0.1",
      "resolved": "https://registry.npmjs.org/safe-buffer/-/safe-buffer-5.0.1.tgz",
      "integrity": "sha1-0mPKVGls2KMGtcplUekt5XkY++c="
    },
    "samsam": {
      "version": "1.2.1",
      "resolved": "https://registry.npmjs.org/samsam/-/samsam-1.2.1.tgz",
      "integrity": "sha1-7dOQk6MYQ3DLhZJDsr3yVefY6mc=",
      "dev": true
    },
    "semver": {
      "version": "5.3.0",
      "resolved": "https://registry.npmjs.org/semver/-/semver-5.3.0.tgz",
      "integrity": "sha1-myzl094C0XxgEq0yaqa00M9U+U8="
    },
    "sentence-case": {
      "version": "2.1.1",
      "resolved": "https://registry.npmjs.org/sentence-case/-/sentence-case-2.1.1.tgz",
      "integrity": "sha1-H24t2jnBaL+S0T+G1KkYkz9mftQ="
    },
    "sharp": {
      "version": "0.18.1",
      "resolved": "https://registry.npmjs.org/sharp/-/sharp-0.18.1.tgz",
      "integrity": "sha1-MueSJtThPp3VJdBK4k/TZy+1/t0=",
      "dependencies": {
        "tar": {
          "version": "3.1.3",
          "resolved": "https://registry.npmjs.org/tar/-/tar-3.1.3.tgz",
          "integrity": "sha512-C7Ets2EikonCWW+JzLJsGxoy5CpYpR4N80EwTRaFw3aMXa9IKmsg2ItcjPT/dTaKTuROmdc/Ki/VBh5v7wNH9Q=="
        }
      }
    },
    "simple-swizzle": {
      "version": "0.2.2",
      "resolved": "https://registry.npmjs.org/simple-swizzle/-/simple-swizzle-0.2.2.tgz",
      "integrity": "sha1-pNprY1/8zMoz9w0Xy5JZLeleVXo="
    },
    "sinon": {
      "version": "2.3.2",
      "resolved": "https://registry.npmjs.org/sinon/-/sinon-2.3.2.tgz",
      "integrity": "sha1-xDqcVw8yuqwRWVBc/u0ZEIhV34k=",
      "dev": true,
      "dependencies": {
        "isarray": {
          "version": "0.0.1",
          "resolved": "https://registry.npmjs.org/isarray/-/isarray-0.0.1.tgz",
          "integrity": "sha1-ihis/Kmo9Bd+Cav8YDiTmwXR7t8=",
          "dev": true
        },
        "path-to-regexp": {
          "version": "1.7.0",
          "resolved": "https://registry.npmjs.org/path-to-regexp/-/path-to-regexp-1.7.0.tgz",
          "integrity": "sha1-Wf3g9DW62suhA6hOnTvGTpa5k30=",
          "dev": true
        }
      }
    },
    "snake-case": {
      "version": "2.1.0",
      "resolved": "https://registry.npmjs.org/snake-case/-/snake-case-2.1.0.tgz",
      "integrity": "sha1-Qb2xtz8w7GagTU4srRt2OH1NbZ8="
    },
    "streamsearch": {
      "version": "0.1.2",
      "resolved": "https://registry.npmjs.org/streamsearch/-/streamsearch-0.1.2.tgz",
      "integrity": "sha1-gIudDlb8Jz2Am6VzOOkpkZoanxo="
    },
    "strip-json-comments": {
      "version": "2.0.1",
      "resolved": "https://registry.npmjs.org/strip-json-comments/-/strip-json-comments-2.0.1.tgz",
      "integrity": "sha1-PFMZQukIwml8DsNEhYwobHygpgo="
    },
    "swap-case": {
      "version": "1.1.2",
      "resolved": "https://registry.npmjs.org/swap-case/-/swap-case-1.1.2.tgz",
      "integrity": "sha1-w5IDpFhzhfrTyFCgvRvK+ggZdOM="
    },
    "text-encoding": {
      "version": "0.6.4",
      "resolved": "https://registry.npmjs.org/text-encoding/-/text-encoding-0.6.4.tgz",
      "integrity": "sha1-45mpgiV6J22uQou5KEXLcb3CbRk=",
      "dev": true
    },
    "timed-out": {
      "version": "4.0.1",
      "resolved": "https://registry.npmjs.org/timed-out/-/timed-out-4.0.1.tgz",
      "integrity": "sha1-8y6srFoXW+ol1/q1Zas+2HQe9W8="
    },
    "title-case": {
      "version": "2.1.1",
      "resolved": "https://registry.npmjs.org/title-case/-/title-case-2.1.1.tgz",
      "integrity": "sha1-PhJyFtpY0rxb7PE3q5Ha46fNj6o="
    },
    "type-detect": {
      "version": "4.0.3",
      "resolved": "https://registry.npmjs.org/type-detect/-/type-detect-4.0.3.tgz",
      "integrity": "sha1-Dj8mcLRAmbC0bChNE2p+9Jx0wuo=",
      "dev": true
    },
    "type-is": {
      "version": "1.6.15",
      "resolved": "https://registry.npmjs.org/type-is/-/type-is-1.6.15.tgz",
      "integrity": "sha1-yrEPtJCeRByChC6v4a1kbIGARBA="
    },
    "typedarray": {
      "version": "0.0.6",
      "resolved": "https://registry.npmjs.org/typedarray/-/typedarray-0.0.6.tgz",
      "integrity": "sha1-hnrHTjhkGHsdPUfZlqeOxciDB3c="
    },
    "upper-case": {
      "version": "1.1.3",
      "resolved": "https://registry.npmjs.org/upper-case/-/upper-case-1.1.3.tgz",
      "integrity": "sha1-9rRQHC7EzdJrp4vnIilh3ndiFZg="
    },
    "upper-case-first": {
      "version": "1.1.2",
      "resolved": "https://registry.npmjs.org/upper-case-first/-/upper-case-first-1.1.2.tgz",
      "integrity": "sha1-XXm+3P8UQZUY/S7bCgUHybaFkRU="
    },
    "url-parse-lax": {
      "version": "1.0.0",
      "resolved": "https://registry.npmjs.org/url-parse-lax/-/url-parse-lax-1.0.0.tgz",
      "integrity": "sha1-evjzA2Rem9eaJy56FKxovAYJ2nM="
    },
    "wrappy": {
      "version": "1.0.2",
      "resolved": "https://registry.npmjs.org/wrappy/-/wrappy-1.0.2.tgz",
      "integrity": "sha1-tSQ9jz7BqjXxNkYFvA0QNuMKtp8=",
      "dev": true
    },
    "xtend": {
      "version": "4.0.1",
      "resolved": "https://registry.npmjs.org/xtend/-/xtend-4.0.1.tgz",
      "integrity": "sha1-pcbVMr5lbiPbgg77lDofBJmNY68="
    }
  }
}
